
Microsoft Visual Studio Solution File, Format Version 12.00
# Visual Studio Version 16
VisualStudioVersion = 16.0.29403.142
MinimumVisualStudioVersion = 10.0.40219.1
Project("{8BC9CEB8-8B4A-11D0-8D11-00A0C91BC942}") = "zavd16_kornietc", "zavd16_kornietc\zavd16_kornietc.vcxproj", "{105F71B5-8700-4008-977C-B37F20168722}"
EndProject
Global
	GlobalSection(SolutionConfigurationPlatforms) = preSolution
		Debug|x64 = Debug|x64
		Debug|x86 = Debug|x86
		Release|x64 = Release|x64
		Release|x86 = Release|x86
	EndGlobalSection
	GlobalSection(ProjectConfigurationPlatforms) = postSolution
		{105F71B5-8700-4008-977C-B37F20168722}.Debug|x64.ActiveCfg = Debug|x64
		{105F71B5-8700-4008-977C-B37F20168722}.Debug|x64.Build.0 = Debug|x64
		{105F71B5-8700-4008-977C-B37F20168722}.Debug|x86.ActiveCfg = Debug|Win32
		{105F71B5-8700-4008-977C-B37F20168722}.Debug|x86.Build.0 = Debug|Win32
		{105F71B5-8700-4008-977C-B37F20168722}.Release|x64.ActiveCfg = Release|x64
		{105F71B5-8700-4008-977C-B37F20168722}.Release|x64.Build.0 = Release|x64
		{105F71B5-8700-4008-977C-B37F20168722}.Release|x86.ActiveCfg = Release|Win32
		{105F71B5-8700-4008-977C-B37F20168722}.Release|x86.Build.0 = Release|Win32
	EndGlobalSection
	GlobalSection(SolutionProperties) = preSolution
		HideSolutionNode = FALSE
	EndGlobalSection
	GlobalSection(ExtensibilityGlobals) = postSolution
		SolutionGuid = {0A980D10-CD45-4D8A-85E9-B1744B03BB7C}
	EndGlobalSection
EndGlobal
