
Microsoft Visual Studio Solution File, Format Version 12.00
# Visual Studio Version 16
VisualStudioVersion = 16.0.29403.142
MinimumVisualStudioVersion = 10.0.40219.1
Project("{8BC9CEB8-8B4A-11D0-8D11-00A0C91BC942}") = "zavd14_kornietc", "zavd14_kornietc\zavd14_kornietc.vcxproj", "{18EA829D-41BD-44BB-B9F1-75CB5C9C48EC}"
EndProject
Global
	GlobalSection(SolutionConfigurationPlatforms) = preSolution
		Debug|x64 = Debug|x64
		Debug|x86 = Debug|x86
		Release|x64 = Release|x64
		Release|x86 = Release|x86
	EndGlobalSection
	GlobalSection(ProjectConfigurationPlatforms) = postSolution
		{18EA829D-41BD-44BB-B9F1-75CB5C9C48EC}.Debug|x64.ActiveCfg = Debug|x64
		{18EA829D-41BD-44BB-B9F1-75CB5C9C48EC}.Debug|x64.Build.0 = Debug|x64
		{18EA829D-41BD-44BB-B9F1-75CB5C9C48EC}.Debug|x86.ActiveCfg = Debug|Win32
		{18EA829D-41BD-44BB-B9F1-75CB5C9C48EC}.Debug|x86.Build.0 = Debug|Win32
		{18EA829D-41BD-44BB-B9F1-75CB5C9C48EC}.Release|x64.ActiveCfg = Release|x64
		{18EA829D-41BD-44BB-B9F1-75CB5C9C48EC}.Release|x64.Build.0 = Release|x64
		{18EA829D-41BD-44BB-B9F1-75CB5C9C48EC}.Release|x86.ActiveCfg = Release|Win32
		{18EA829D-41BD-44BB-B9F1-75CB5C9C48EC}.Release|x86.Build.0 = Release|Win32
	EndGlobalSection
	GlobalSection(SolutionProperties) = preSolution
		HideSolutionNode = FALSE
	EndGlobalSection
	GlobalSection(ExtensibilityGlobals) = postSolution
		SolutionGuid = {BA0A5447-CB5B-482E-ACD3-D04EB568A07A}
	EndGlobalSection
EndGlobal
